{
  "name": "cascade-core",
  "version": "0.1.0",
  "lockfileVersion": 3,
  "requires": true,
  "packages": {
    "": {
      "name": "cascade-core",
      "version": "0.1.0",
      "dependencies": {
        "@chenglou/pretext": "^0.0.8",
        "@napi-rs/canvas": "^1.0.5",
        "css-tree": "^3.2.1",
        "parse5": "^7.1.2"
      },
      "devDependencies": {
        "@types/node": "^20.14.9",
        "playwright": "^1.45.0",
        "typescript": "^5.5.3"
      },
      "engines": {
        "node": ">=20"
      }
    },
    "node_modules/@chenglou/pretext": {
      "version": "0.0.8",
      "resolved": "https://registry.npmjs.org/@chenglou/pretext/-/pretext-0.0.8.tgz",
      "integrity": "sha512-yqm2GMxnPI7VHcHwe84P8ZF0JK/2d2DMKPqMN+s95jQhwDMYYXKVFVJUMEaVWckQStdsjdLav/0Vu+d9YbtGxA==",
      "license": "MIT"
    },
    "node_modules/@napi-rs/canvas": {
      "version": "1.0.5",
      "resolved": "https://registry.npmjs.org/@napi-rs/canvas/-/canvas-1.0.5.tgz",
      "integrity": "sha512-GaPlicMtnvgPr5SowFRprkEJicDSrV3qCq17U4jiF5u0kNORZo3IbdN2Bk4SfcZJAMYFHbMVJ81O3w21CYxazg==",
      "license": "MIT",
      "workspaces": [
        "e2e/*"
      ],
      "engines": {
        "node": ">= 10"
      },
      "funding": {
        "type": "github",
        "url": "https://github.com/sponsors/Brooooooklyn"
      },
      "optionalDependencies": {
        "@napi-rs/canvas-android-arm64": "1.0.5",
        "@napi-rs/canvas-darwin-arm64": "1.0.5",
        "@napi-rs/canvas-darwin-x64": "1.0.5",
        "@napi-rs/canvas-linux-arm-gnueabihf": "1.0.5",
        "@napi-rs/canvas-linux-arm64-gnu": "1.0.5",
        "@napi-rs/canvas-linux-arm64-musl": "1.0.5",
        "@napi-rs/canvas-linux-riscv64-gnu": "1.0.5",
        "@napi-rs/canvas-linux-x64-gnu": "1.0.5",
        "@napi-rs/canvas-linux-x64-musl": "1.0.5",
        "@napi-rs/canvas-win32-arm64-msvc": "1.0.5",
        "@napi-rs/canvas-win32-x64-msvc": "1.0.5"
      }
    },
    "node_modules/@napi-rs/canvas-android-arm64": {
      "version": "1.0.5",
      "resolved": "https://registry.npmjs.org/@napi-rs/canvas-android-arm64/-/canvas-android-arm64-1.0.5.tgz",
      "integrity": "sha512-ZzDlpKQocwFfCwhMh17UWre6Qt5yZN3kNIJoUpGfRZqwDDZ164IKOsPOHsRd3d8Tuj5KM6bDjGuPmZxuPuG3NQ==",
      "cpu": [
        "arm64"
      ],
      "license": "MIT",
      "optional": true,
      "os": [
        "android"
      ],
      "engines": {
        "node": ">= 10"
      },
      "funding": {
        "type": "github",
        "url": "https://github.com/sponsors/Brooooooklyn"
      }
    },
    "node_modules/@napi-rs/canvas-darwin-arm64": {
      "version": "1.0.5",
      "resolved": "https://registry.npmjs.org/@napi-rs/canvas-darwin-arm64/-/canvas-darwin-arm64-1.0.5.tgz",
      "integrity": "sha512-Hr8v6CA/TBe+OJOePdV3sXWxzQHQKfQsTKPbc8wG7iPqVeAx6MMdzKGXlYID6SVvpfwV/zqkvGcdImYWSlhrZg==",
      "cpu": [
        "arm64"
      ],
      "license": "MIT",
      "optional": true,
      "os": [
        "darwin"
      ],
      "engines": {
        "node": ">= 10"
      },
      "funding": {
        "type": "github",
        "url": "https://github.com/sponsors/Brooooooklyn"
      }
    },
    "node_modules/@napi-rs/canvas-darwin-x64": {
      "version": "1.0.5",
      "resolved": "https://registry.npmjs.org/@napi-rs/canvas-darwin-x64/-/canvas-darwin-x64-1.0.5.tgz",
      "integrity": "sha512-9BXlLHBXpYnK4jSae1MdFdyPq09Xi1I3PeCNpvRzqgmUUBhgJS7aC1z7SZEP8JUXDHtbfIrolCS3sFuT9IGP2A==",
      "cpu": [
        "x64"
      ],
      "license": "MIT",
      "optional": true,
      "os": [
        "darwin"
      ],
      "engines": {
        "node": ">= 10"
      },
      "funding": {
        "type": "github",
        "url": "https://github.com/sponsors/Brooooooklyn"
      }
    },
    "node_modules/@napi-rs/canvas-linux-arm-gnueabihf": {
      "version": "1.0.5",
      "resolved": "https://registry.npmjs.org/@napi-rs/canvas-linux-arm-gnueabihf/-/canvas-linux-arm-gnueabihf-1.0.5.tgz",
      "integrity": "sha512-zEW4fgvtYsOJ/N56Us4TQPfaFrUf0shGr9CgGSj3GACc+NHfUM3ci0YF9xFTjwJWGDmaEhYPL6KqCfFCxwm/qg==",
      "cpu": [
        "arm"
      ],
      "license": "MIT",
      "optional": true,
      "os": [
        "linux"
      ],
      "engines": {
        "node": ">= 10"
      },
      "funding": {
        "type": "github",
        "url": "https://github.com/sponsors/Brooooooklyn"
      }
    },
    "node_modules/@napi-rs/canvas-linux-arm64-gnu": {
      "version": "1.0.5",
      "resolved": "https://registry.npmjs.org/@napi-rs/canvas-linux-arm64-gnu/-/canvas-linux-arm64-gnu-1.0.5.tgz",
      "integrity": "sha512-HFprwLspelJxCEtZvdMcz95Mwvfs63GzFVedLFmC/wslHnaOXhjXxgYxPCM/VdM4Jhx3CV4Lk0vVmh6hJv2etQ==",
      "cpu": [
        "arm64"
      ],
      "libc": [
        "glibc"
      ],
      "license": "MIT",
      "optional": true,
      "os": [
        "linux"
      ],
      "engines": {
        "node": ">= 10"
      },
      "funding": {
        "type": "github",
        "url": "https://github.com/sponsors/Brooooooklyn"
      }
    },
    "node_modules/@napi-rs/canvas-linux-arm64-musl": {
      "version": "1.0.5",
      "resolved": "https://registry.npmjs.org/@napi-rs/canvas-linux-arm64-musl/-/canvas-linux-arm64-musl-1.0.5.tgz",
      "integrity": "sha512-FNMGFAx8DvtDwlLfWyBJ+oQjgPXoIAqCnNTJYqtJCFRwwzK3AyAe5B1Ll3NZ6hcOzqw7HylZsq4nQxVyPCQX1Q==",
      "cpu": [
        "arm64"
      ],
      "libc": [
        "musl"
      ],
      "license": "MIT",
      "optional": true,
      "os": [
        "linux"
      ],
      "engines": {
        "node": ">= 10"
      },
      "funding": {
        "type": "github",
        "url": "https://github.com/sponsors/Brooooooklyn"
      }
    },
    "node_modules/@napi-rs/canvas-linux-riscv64-gnu": {
      "version": "1.0.5",
      "resolved": "https://registry.npmjs.org/@napi-rs/canvas-linux-riscv64-gnu/-/canvas-linux-riscv64-gnu-1.0.5.tgz",
      "integrity": "sha512-2vd5v8Lui+37Hh/spITKIvTT384ip4dnUc5XBn0E+sMNS4b7au7IswyT5YDG2udPTjSh/eLUs3sGuB5YHooFOA==",
      "cpu": [
        "riscv64"
      ],
      "libc": [
        "glibc"
      ],
      "license": "MIT",
      "optional": true,
      "os": [
        "linux"
      ],
      "engines": {
        "node": ">= 10"
      },
      "funding": {
        "type": "github",
        "url": "https://github.com/sponsors/Brooooooklyn"
      }
    },
    "node_modules/@napi-rs/canvas-linux-x64-gnu": {
      "version": "1.0.5",
      "resolved": "https://registry.npmjs.org/@napi-rs/canvas-linux-x64-gnu/-/canvas-linux-x64-gnu-1.0.5.tgz",
      "integrity": "sha512-iQIPy+Uey0expZTOszLri5n8rY7x4WUpMaY82mcXNIgbil30iHvc01OsiizhZC1KQHTK90RFMFWSpwFU+ON3aA==",
      "cpu": [
        "x64"
      ],
      "libc": [
        "glibc"
      ],
      "license": "MIT",
      "optional": true,
      "os": [
        "linux"
      ],
      "engines": {
        "node": ">= 10"
      },
      "funding": {
        "type": "github",
        "url": "https://github.com/sponsors/Brooooooklyn"
      }
    },
    "node_modules/@napi-rs/canvas-linux-x64-musl": {
      "version": "1.0.5",
      "resolved": "https://registry.npmjs.org/@napi-rs/canvas-linux-x64-musl/-/canvas-linux-x64-musl-1.0.5.tgz",
      "integrity": "sha512-Npthji25t7FUqIAKsoEkFS0qY5CYVkHjvI3tuZjDTG92wX8g4dst+Lfb4hhubdqPazlDcIwalPzInsFCtf3FFg==",
      "cpu": [
        "x64"
      ],
      "libc": [
        "musl"
      ],
      "license": "MIT",
      "optional": true,
      "os": [
        "linux"
      ],
      "engines": {
        "node": ">= 10"
      },
      "funding": {
        "type": "github",
        "url": "https://github.com/sponsors/Brooooooklyn"
      }
    },
    "node_modules/@napi-rs/canvas-win32-arm64-msvc": {
      "version": "1.0.5",
      "resolved": "https://registry.npmjs.org/@napi-rs/canvas-win32-arm64-msvc/-/canvas-win32-arm64-msvc-1.0.5.tgz",
      "integrity": "sha512-bi+JsdCdbfVJDoAQybTYmkLKwh1xpYpptg5j/BNr2BB56u4/R26jrVvtjqff+CxYMXV6Kz1/jeDVhZCuj6bDng==",
      "cpu": [
        "arm64"
      ],
      "license": "MIT",
      "optional": true,
      "os": [
        "win32"
      ],
      "engines": {
        "node": ">= 10"
      },
      "funding": {
        "type": "github",
        "url": "https://github.com/sponsors/Brooooooklyn"
      }
    },
    "node_modules/@napi-rs/canvas-win32-x64-msvc": {
      "version": "1.0.5",
      "resolved": "https://registry.npmjs.org/@napi-rs/canvas-win32-x64-msvc/-/canvas-win32-x64-msvc-1.0.5.tgz",
      "integrity": "sha512-KQQwG9/sBmcGxqaLFIQf+k2OefREGoyEaIBmRuTM8bUuFKOEE9Xk5pel90hE6pmBwk/vo4RB0OdX+FxobJGMFw==",
      "cpu": [
        "x64"
      ],
      "license": "MIT",
      "optional": true,
      "os": [
        "win32"
      ],
      "engines": {
        "node": ">= 10"
      },
      "funding": {
        "type": "github",
        "url": "https://github.com/sponsors/Brooooooklyn"
      }
    },
    "node_modules/@types/node": {
      "version": "20.19.43",
      "resolved": "https://registry.npmjs.org/@types/node/-/node-20.19.43.tgz",
      "integrity": "sha512-6oYBAi5ikg4Pl+kGsoYtawUMBT2zZMCvPNF7pVLnHZfd1zf38DRiWn/gT01RYCdUqkv7Fhr+C9ot4/tb+2sVvA==",
      "dev": true,
      "license": "MIT",
      "dependencies": {
        "undici-types": "~6.21.0"
      }
    },
    "node_modules/css-tree": {
      "version": "3.2.1",
      "resolved": "https://registry.npmjs.org/css-tree/-/css-tree-3.2.1.tgz",
      "integrity": "sha512-X7sjQzceUhu1u7Y/ylrRZFU2FS6LRiFVp6rKLPg23y3x3c3DOKAwuXGDp+PAGjh6CSnCjYeAul8pcT8bAl+lSA==",
      "license": "MIT",
      "dependencies": {
        "mdn-data": "2.27.1",
        "source-map-js": "^1.2.1"
      },
      "engines": {
        "node": "^10 || ^12.20.0 || ^14.13.0 || >=15.0.0"
      }
    },
    "node_modules/entities": {
      "version": "6.0.1",
      "resolved": "https://registry.npmjs.org/entities/-/entities-6.0.1.tgz",
      "integrity": "sha512-aN97NXWF6AWBTahfVOIrB/NShkzi5H7F9r1s9mD3cDj4Ko5f2qhhVoYMibXF7GlLveb/D2ioWay8lxI97Ven3g==",
      "license": "BSD-2-Clause",
      "engines": {
        "node": ">=0.12"
      },
      "funding": {
        "url": "https://github.com/fb55/entities?sponsor=1"
      }
    },
    "node_modules/fsevents": {
      "version": "2.3.2",
      "resolved": "https://registry.npmjs.org/fsevents/-/fsevents-2.3.2.tgz",
      "integrity": "sha512-xiqMQR4xAeHTuB9uWm+fFRcIOgKBMiOBP+eXiyT7jsgVCq1bkVygt00oASowB7EdtpOHaaPgKt812P9ab+DDKA==",
      "dev": true,
      "hasInstallScript": true,
      "license": "MIT",
      "optional": true,
      "os": [
        "darwin"
      ],
      "engines": {
        "node": "^8.16.0 || ^10.6.0 || >=11.0.0"
      }
    },
    "node_modules/mdn-data": {
      "version": "2.27.1",
      "resolved": "https://registry.npmjs.org/mdn-data/-/mdn-data-2.27.1.tgz",
      "integrity": "sha512-9Yubnt3e8A0OKwxYSXyhLymGW4sCufcLG6VdiDdUGVkPhpqLxlvP5vl1983gQjJl3tqbrM731mjaZaP68AgosQ==",
      "license": "CC0-1.0"
    },
    "node_modules/parse5": {
      "version": "7.3.0",
      "resolved": "https://registry.npmjs.org/parse5/-/parse5-7.3.0.tgz",
      "integrity": "sha512-IInvU7fabl34qmi9gY8XOVxhYyMyuH2xUNpb2q8/Y+7552KlejkRvqvD19nMoUW/uQGGbqNpA6Tufu5FL5BZgw==",
      "license": "MIT",
      "dependencies": {
        "entities": "^6.0.0"
      },
      "funding": {
        "url": "https://github.com/inikulin/parse5?sponsor=1"
      }
    },
    "node_modules/playwright": {
      "version": "1.62.1",
      "resolved": "https://registry.npmjs.org/playwright/-/playwright-1.62.1.tgz",
      "integrity": "sha512-0M+L3LAD8/nm554LOla9Ayx0j0tmFZ0FBcoQ7F1VuVHpM/XpiC8RcDzBQB8W5+hA8L22THxELzeF+2WcUzvcLg==",
      "dev": true,
      "license": "Apache-2.0",
      "dependencies": {
        "playwright-core": "1.62.1"
      },
      "bin": {
        "playwright": "cli.js"
      },
      "engines": {
        "node": ">=20"
      },
      "optionalDependencies": {
        "fsevents": "2.3.2"
      }
    },
    "node_modules/playwright-core": {
      "version": "1.62.1",
      "resolved": "https://registry.npmjs.org/playwright-core/-/playwright-core-1.62.1.tgz",
      "integrity": "sha512-wPYSwEBJY9GHraISXqyqtx0na0LpO3XEX7jNDhntbex7tzUS7kLnZsOlFruFJB4Hi/rhDMjXGqHewDZ68nYZVw==",
      "dev": true,
      "license": "Apache-2.0",
      "bin": {
        "playwright-core": "cli.js"
      },
      "engines": {
        "node": ">=20"
      }
    },
    "node_modules/source-map-js": {
      "version": "1.2.1",
      "resolved": "https://registry.npmjs.org/source-map-js/-/source-map-js-1.2.1.tgz",
      "integrity": "sha512-UXWMKhLOwVKb728IUtQPXxfYU+usdybtUrK/8uGE8CQMvrhOpwvzDBwj0QhSL7MQc7vIsISBG8VQ8+IDQxpfQA==",
      "license": "BSD-3-Clause",
      "engines": {
        "node": ">=0.10.0"
      }
    },
    "node_modules/typescript": {
      "version": "5.9.3",
      "resolved": "https://registry.npmjs.org/typescript/-/typescript-5.9.3.tgz",
      "integrity": "sha512-jl1vZzPDinLr9eUt3J/t7V6FgNEw9QjvBPdysz9KfQDD41fQrC2Y4vKQdiaUpFT4bXlb1RHhLpp8wtm6M5TgSw==",
      "dev": true,
      "license": "Apache-2.0",
      "bin": {
        "tsc": "bin/tsc",
        "tsserver": "bin/tsserver"
      },
      "engines": {
        "node": ">=14.17"
      }
    },
    "node_modules/undici-types": {
      "version": "6.21.0",
      "resolved": "https://registry.npmjs.org/undici-types/-/undici-types-6.21.0.tgz",
      "integrity": "sha512-iwDZqg0QAGrg9Rav5H4n0M64c3mkR59cJ6wQp+7C4nI0gsmExaedaYLNO44eT4AtBBwjbTiGPMlt2Md0T9H9JQ==",
      "dev": true,
      "license": "MIT"
    }
  }
}
